
Microsoft Visual Studio Solution File, Format Version 12.00
# Visual Studio Version 16
VisualStudioVersion = 16.0.29020.237
MinimumVisualStudioVersion = 10.0.40219.1
Project("{9A19103F-16F7-4668-BE54-9A1E7A4F7556}") = "Gapotchenko.FX", "Gapotchenko.FX\Gapotchenko.FX.csproj", "{3188853F-ECB8-4002-9273-23F4A9B41823}"
EndProject
Project("{9A19103F-16F7-4668-BE54-9A1E7A4F7556}") = "Gapotchenko.FX.Threading", "Gapotchenko.FX.Threading\Gapotchenko.FX.Threading.csproj", "{413EB45F-F5C5-4432-85A7-1859C972CAC1}"
EndProject
Project("{9A19103F-16F7-4668-BE54-9A1E7A4F7556}") = "Gapotchenko.FX.Diagnostics.Process", "Gapotchenko.FX.Diagnostics.Process\Gapotchenko.FX.Diagnostics.Process.csproj", "{C6404A82-9B1F-4A45-BCAD-39D83FCF84B9}"
EndProject
Project("{9A19103F-16F7-4668-BE54-9A1E7A4F7556}") = "Gapotchenko.FX.Test", "Test\Gapotchenko.FX.Test\Gapotchenko.FX.Test.csproj", "{394AB9E5-2AF1-4C7A-936C-43E5DC3351C3}"
EndProject
Project("{2150E333-8FDC-42A3-9474-1A3956D46DE8}") = "01. Framework", "01. Framework", "{223BAE25-5FEC-4D58-A4DB-E51D0ACEF182}"
	ProjectSection(SolutionItems) = preProject
		README.md = README.md
	EndProjectSection
EndProject
Project("{2150E333-8FDC-42A3-9474-1A3956D46DE8}") = "03. Test", "03. Test", "{C0007571-9A88-4691-AAEA-4D6E2A04CAD6}"
	ProjectSection(SolutionItems) = preProject
		Test\README.md = Test\README.md
	EndProjectSection
EndProject
Project("{9A19103F-16F7-4668-BE54-9A1E7A4F7556}") = "Gapotchenko.FX.Collections", "Gapotchenko.FX.Collections\Gapotchenko.FX.Collections.csproj", "{9CD580F3-FFC0-4071-8CE3-F21E204E5763}"
EndProject
Project("{9A19103F-16F7-4668-BE54-9A1E7A4F7556}") = "Gapotchenko.FX.Linq", "Gapotchenko.FX.Linq\Gapotchenko.FX.Linq.csproj", "{9094EE1A-5940-40BE-A8AB-965BAEF37A44}"
EndProject
Project("{9A19103F-16F7-4668-BE54-9A1E7A4F7556}") = "Gapotchenko.FX.Linq.Test", "Test\Gapotchenko.FX.Linq.Test\Gapotchenko.FX.Linq.Test.csproj", "{2E3E19B9-7262-4CEA-8329-F41C212CE54D}"
EndProject
Project("{9A19103F-16F7-4668-BE54-9A1E7A4F7556}") = "Gapotchenko.FX.Text", "Gapotchenko.FX.Text\Gapotchenko.FX.Text.csproj", "{77FC3FD0-89D7-46B3-BB6B-555A77665738}"
EndProject
Project("{9A19103F-16F7-4668-BE54-9A1E7A4F7556}") = "Gapotchenko.FX.Math", "Gapotchenko.FX.Math\Gapotchenko.FX.Math.csproj", "{C4BFF210-5036-460E-85EF-1F3C2B53185C}"
EndProject
Project("{2150E333-8FDC-42A3-9474-1A3956D46DE8}") = "04. Misc", "04. Misc", "{2B63C0D4-A90F-458D-9116-83ABC34274D9}"
EndProject
Project("{2150E333-8FDC-42A3-9474-1A3956D46DE8}") = "Harness", "Harness", "{93EBF1AB-34B5-4A12-8135-8BC2047A9634}"
EndProject
Project("{9A19103F-16F7-4668-BE54-9A1E7A4F7556}") = "Gapotchenko.FX.Harness.Console", "Harness\Gapotchenko.FX.Harness.Console\Gapotchenko.FX.Harness.Console.csproj", "{448BAA58-B9D8-419B-993D-200F5E620B7B}"
EndProject
Project("{9A19103F-16F7-4668-BE54-9A1E7A4F7556}") = "Gapotchenko.FX.IO", "Gapotchenko.FX.IO\Gapotchenko.FX.IO.csproj", "{75849171-E56A-41B4-A685-7BAB8B875C7F}"
EndProject
Project("{9A19103F-16F7-4668-BE54-9A1E7A4F7556}") = "Gapotchenko.FX.Diagnostics.WebBrowser", "Gapotchenko.FX.Diagnostics.WebBrowser\Gapotchenko.FX.Diagnostics.WebBrowser.csproj", "{280EB526-4B91-4702-B9D5-45EDEDB51798}"
EndProject
Project("{9A19103F-16F7-4668-BE54-9A1E7A4F7556}") = "Gapotchenko.FX.Diagnostics.CommandLine", "Gapotchenko.FX.Diagnostics.CommandLine\Gapotchenko.FX.Diagnostics.CommandLine.csproj", "{013EF111-CDCE-4AFB-9860-66312F085861}"
EndProject
Project("{9A19103F-16F7-4668-BE54-9A1E7A4F7556}") = "Gapotchenko.FX.Linq.Expressions", "Gapotchenko.FX.Linq.Expressions\Gapotchenko.FX.Linq.Expressions.csproj", "{7CF2CFC3-E676-494D-908F-5CBC139543C4}"
EndProject
Project("{2150E333-8FDC-42A3-9474-1A3956D46DE8}") = "02. Profiles", "02. Profiles", "{7EF72767-6970-43FD-98E6-B669ADD680A4}"
	ProjectSection(SolutionItems) = preProject
		Profiles\README.md = Profiles\README.md
	EndProjectSection
EndProject
Project("{9A19103F-16F7-4668-BE54-9A1E7A4F7556}") = "Gapotchenko.FX.Profiles.Core", "Profiles\Gapotchenko.FX.Profiles.Core\Gapotchenko.FX.Profiles.Core.csproj", "{0BA201BE-385A-43CC-94B9-B934EBB4514F}"
EndProject
Project("{9A19103F-16F7-4668-BE54-9A1E7A4F7556}") = "Gapotchenko.FX.Text.Test", "Test\Gapotchenko.FX.Text.Test\Gapotchenko.FX.Text.Test.csproj", "{45485C62-828E-47C3-B58A-E89AA5781AAB}"
EndProject
Project("{9A19103F-16F7-4668-BE54-9A1E7A4F7556}") = "Gapotchenko.FX.Collections.Test", "Test\Gapotchenko.FX.Collections.Test\Gapotchenko.FX.Collections.Test.csproj", "{83E881DB-1419-4145-980D-51DCE3650427}"
EndProject
Project("{2150E333-8FDC-42A3-9474-1A3956D46DE8}") = "Home", "Home", "{886D55E2-1640-4D63-AA13-4C562469E669}"
	ProjectSection(SolutionItems) = preProject
		..\README.md = ..\README.md
	EndProjectSection
EndProject
Project("{2150E333-8FDC-42A3-9474-1A3956D46DE8}") = "Mastering", "Mastering", "{68BA92DB-7296-463D-9C99-01357420A1A0}"
	ProjectSection(SolutionItems) = preProject
		Mastering\AssemblyMetadata.cs = Mastering\AssemblyMetadata.cs
		Mastering\Metadata.targets = Mastering\Metadata.targets
		Mastering\NuGet.targets = Mastering\NuGet.targets
		Mastering\TargetFrameworks.targets = Mastering\TargetFrameworks.targets
	EndProjectSection
EndProject
Project("{2150E333-8FDC-42A3-9474-1A3956D46DE8}") = "Documentation", "Documentation", "{0EC93163-AEB9-4D7B-ADC2-F665157CE38C}"
	ProjectSection(SolutionItems) = preProject
		..\Documentation\Changelog.md = ..\Documentation\Changelog.md
		..\Documentation\README.md = ..\Documentation\README.md
	EndProjectSection
EndProject
Project("{2150E333-8FDC-42A3-9474-1A3956D46DE8}") = "Content", "Content", "{FE418288-EAB6-41FC-A2B6-6FDEB2473213}"
EndProject
Project("{9A19103F-16F7-4668-BE54-9A1E7A4F7556}") = "Gapotchenko.FX.Threading.Test", "Test\Gapotchenko.FX.Threading.Test\Gapotchenko.FX.Threading.Test.csproj", "{D4447E26-D520-46C1-8FAE-D6176318F376}"
EndProject
Project("{9A19103F-16F7-4668-BE54-9A1E7A4F7556}") = "Gapotchenko.FX.Data.Linq", "Data\Gapotchenko.FX.Data.Linq\Gapotchenko.FX.Data.Linq.csproj", "{5C7C60BA-695A-4219-8645-7B32169F74D9}"
EndProject
Project("{9A19103F-16F7-4668-BE54-9A1E7A4F7556}") = "Gapotchenko.FX.Numerics", "Gapotchenko.FX.Numerics\Gapotchenko.FX.Numerics.csproj", "{CF4B10ED-B17A-406F-8C5A-8945BD73C663}"
EndProject
Project("{9A19103F-16F7-4668-BE54-9A1E7A4F7556}") = "Gapotchenko.FX.Numerics.Test", "Test\Gapotchenko.FX.Numerics.Test\Gapotchenko.FX.Numerics.Test.csproj", "{9A39605A-F280-4C5F-AAFB-7F03CDFBF7E2}"
EndProject
Project("{9A19103F-16F7-4668-BE54-9A1E7A4F7556}") = "Gapotchenko.FX.Drawing", "Gapotchenko.FX.Drawing\Gapotchenko.FX.Drawing.csproj", "{F4F78C5D-816A-4434-ACCB-C8C874BEF459}"
EndProject
Project("{9A19103F-16F7-4668-BE54-9A1E7A4F7556}") = "Gapotchenko.FX.Reflection.Loader", "Gapotchenko.FX.Reflection.Loader\Gapotchenko.FX.Reflection.Loader.csproj", "{D15DF10F-F35A-4011-A36C-3D12712F1ECC}"
EndProject
Project("{9A19103F-16F7-4668-BE54-9A1E7A4F7556}") = "Gapotchenko.FX.Runtime.CompilerServices.Intrinsics", "Gapotchenko.FX.Runtime.CompilerServices.Intrinsics\Gapotchenko.FX.Runtime.CompilerServices.Intrinsics.csproj", "{304875A0-365B-4665-9276-0E2FA64F0C91}"
EndProject
Project("{2150E333-8FDC-42A3-9474-1A3956D46DE8}") = "Data", "Data", "{C2DC67EB-5194-432D-A088-2EA90951DF87}"
	ProjectSection(SolutionItems) = preProject
		Data\README.md = Data\README.md
	EndProjectSection
EndProject
Project("{2150E333-8FDC-42A3-9474-1A3956D46DE8}") = "Xml", "Xml", "{A80D0BB1-33D4-4C0D-8FC7-EE1999EAF7C9}"
EndProject
Project("{9A19103F-16F7-4668-BE54-9A1E7A4F7556}") = "Gapotchenko.FX.Data.Xml.Pointer", "Data\Gapotchenko.FX.Data.Xml.Pointer\Gapotchenko.FX.Data.Xml.Pointer.csproj", "{ACB6423A-D737-4EB1-B2E5-CD63D30EC7E5}"
EndProject
Project("{9A19103F-16F7-4668-BE54-9A1E7A4F7556}") = "Gapotchenko.FX.Data.Xml.Include", "Data\Gapotchenko.FX.Data.Xml.Include\Gapotchenko.FX.Data.Xml.Include.csproj", "{F32F3798-8CFD-4530-AB1E-B4D6B2AA097C}"
EndProject
Project("{2150E333-8FDC-42A3-9474-1A3956D46DE8}") = "Data", "Data", "{0D07D6F9-E558-4E2F-8DFE-7A295BFB5472}"
	ProjectSection(SolutionItems) = preProject
		Test\Data\README.md = Test\Data\README.md
	EndProjectSection
EndProject
Project("{9A19103F-16F7-4668-BE54-9A1E7A4F7556}") = "Gapotchenko.FX.Data.Xml.Test", "Test\Data\Gapotchenko.FX.Data.Xml.Test\Gapotchenko.FX.Data.Xml.Test.csproj", "{1F237F91-CDAB-4AFC-8931-B4819BE1DD74}"
EndProject
Project("{9A19103F-16F7-4668-BE54-9A1E7A4F7556}") = "Gapotchenko.FX.Data.Xml", "Data\Gapotchenko.FX.Data.Xml\Gapotchenko.FX.Data.Xml.csproj", "{F77000CF-32B0-4A28-9F03-913DF019ADBB}"
EndProject
Project("{2150E333-8FDC-42A3-9474-1A3956D46DE8}") = "Encoding", "Encoding", "{3FEEE50B-7D21-48C8-9DB2-C410DB674EB5}"
	ProjectSection(SolutionItems) = preProject
		Data\Encoding\Directory.Build.props = Data\Encoding\Directory.Build.props
		Data\Encoding\README.md = Data\Encoding\README.md
	EndProjectSection
EndProject
Project("{9A19103F-16F7-4668-BE54-9A1E7A4F7556}") = "Gapotchenko.FX.Data.Encoding", "Data\Encoding\Gapotchenko.FX.Data.Encoding\Gapotchenko.FX.Data.Encoding.csproj", "{F901E9C3-32CD-41BA-ADCD-F3CC909B3647}"
EndProject
Project("{2150E333-8FDC-42A3-9474-1A3956D46DE8}") = "Encoding", "Encoding", "{DE529E09-D427-41CF-887B-79979CF071C6}"
	ProjectSection(SolutionItems) = preProject
		Test\Data\Encoding\README.md = Test\Data\Encoding\README.md
	EndProjectSection
EndProject
Project("{9A19103F-16F7-4668-BE54-9A1E7A4F7556}") = "Gapotchenko.FX.Data.Encoding.Test", "Test\Data\Encoding\Gapotchenko.FX.Data.Encoding.Test\Gapotchenko.FX.Data.Encoding.Test.csproj", "{22603866-075E-4D85-9BB4-730D2BD71D15}"
EndProject
Project("{9A19103F-16F7-4668-BE54-9A1E7A4F7556}") = "Gapotchenko.FX.Data.Encoding.Base32", "Data\Encoding\Gapotchenko.FX.Data.Encoding.Base32\Gapotchenko.FX.Data.Encoding.Base32.csproj", "{83D53DEA-66B1-491E-A038-5A8FD8DB1ADF}"
EndProject
Project("{9A19103F-16F7-4668-BE54-9A1E7A4F7556}") = "Gapotchenko.FX.Data.Encoding.Base32.Test", "Test\Data\Encoding\Gapotchenko.FX.Data.Encoding.Base32.Test\Gapotchenko.FX.Data.Encoding.Base32.Test.csproj", "{91792366-3F60-4444-BFFA-3AB1D1FE0489}"
EndProject
Project("{9A19103F-16F7-4668-BE54-9A1E7A4F7556}") = "Gapotchenko.FX.Data.Encoding.Test.Bench", "Test\Data\Encoding\Gapotchenko.FX.Data.Encoding.Test.Bench\Gapotchenko.FX.Data.Encoding.Test.Bench.csproj", "{06B7F74D-1094-4843-A55C-5B577858D464}"
EndProject
Project("{9A19103F-16F7-4668-BE54-9A1E7A4F7556}") = "Gapotchenko.FX.Data.Encoding.Base91", "Data\Encoding\Gapotchenko.FX.Data.Encoding.Base91\Gapotchenko.FX.Data.Encoding.Base91.csproj", "{3F52F9DE-9397-42DF-9E03-A2DA6F9219A3}"
EndProject
Project("{9A19103F-16F7-4668-BE54-9A1E7A4F7556}") = "Gapotchenko.FX.Data.Encoding.Base16", "Data\Encoding\Gapotchenko.FX.Data.Encoding.Base16\Gapotchenko.FX.Data.Encoding.Base16.csproj", "{E37BD788-E406-4102-B816-9CEC0EB2A7BE}"
EndProject
Project("{9A19103F-16F7-4668-BE54-9A1E7A4F7556}") = "Gapotchenko.FX.Data.Encoding.Base85", "Data\Encoding\Gapotchenko.FX.Data.Encoding.Base85\Gapotchenko.FX.Data.Encoding.Base85.csproj", "{564E7562-D09A-4C9E-B390-A1B61842D2BA}"
EndProject
Project("{9A19103F-16F7-4668-BE54-9A1E7A4F7556}") = "Gapotchenko.FX.Data.Encoding.Base64", "Data\Encoding\Gapotchenko.FX.Data.Encoding.Base64\Gapotchenko.FX.Data.Encoding.Base64.csproj", "{C44FF569-B8D4-43A0-B84C-66D6403DBE31}"
EndProject
Project("{9A19103F-16F7-4668-BE54-9A1E7A4F7556}") = "Gapotchenko.FX.Data.Encoding.Base64.Test", "Test\Data\Encoding\Gapotchenko.FX.Data.Encoding.Base64.Test\Gapotchenko.FX.Data.Encoding.Base64.Test.csproj", "{6E1ACE3E-AE74-44BF-A6DB-655E5C34B636}"
EndProject
Project("{9A19103F-16F7-4668-BE54-9A1E7A4F7556}") = "Gapotchenko.FX.Data.Encoding.Base16.Test", "Test\Data\Encoding\Gapotchenko.FX.Data.Encoding.Base16.Test\Gapotchenko.FX.Data.Encoding.Base16.Test.csproj", "{D862A0D3-0894-45F6-8242-1E888103F6CC}"
EndProject
Project("{9A19103F-16F7-4668-BE54-9A1E7A4F7556}") = "Gapotchenko.FX.Data.Encoding.Base24", "Data\Encoding\Gapotchenko.FX.Data.Encoding.Base24\Gapotchenko.FX.Data.Encoding.Base24.csproj", "{B105686D-CA0C-4B6C-8FDB-A7B70D857D02}"
EndProject
Project("{9A19103F-16F7-4668-BE54-9A1E7A4F7556}") = "Gapotchenko.FX.Data.Encoding.Base24.Test", "Test\Data\Encoding\Gapotchenko.FX.Data.Encoding.Base24.Test\Gapotchenko.FX.Data.Encoding.Base24.Test.csproj", "{85549320-1841-4629-8684-A565862841CD}"
EndProject
Project("{9A19103F-16F7-4668-BE54-9A1E7A4F7556}") = "Gapotchenko.FX.Data.Encoding.Base58", "Data\Encoding\Gapotchenko.FX.Data.Encoding.Base58\Gapotchenko.FX.Data.Encoding.Base58.csproj", "{62D6B37C-C7CE-419D-A94C-65810C171744}"
EndProject
Project("{9A19103F-16F7-4668-BE54-9A1E7A4F7556}") = "Gapotchenko.FX.Data.Encoding.Base58.Test", "Test\Data\Encoding\Gapotchenko.FX.Data.Encoding.Base58.Test\Gapotchenko.FX.Data.Encoding.Base58.Test.csproj", "{1E8CD591-B6CC-474D-A74D-2061C4BCA4D1}"
EndProject
Project("{9A19103F-16F7-4668-BE54-9A1E7A4F7556}") = "Gapotchenko.FX.AppModel.Information", "Gapotchenko.FX.AppModel.Information\Gapotchenko.FX.AppModel.Information.csproj", "{006DFB7E-052A-4496-B9A0-7AF038058AB7}"
EndProject
Project("{9A19103F-16F7-4668-BE54-9A1E7A4F7556}") = "Gapotchenko.FX.Console", "Gapotchenko.FX.Console\Gapotchenko.FX.Console.csproj", "{FE72C33E-3065-416D-8431-9884422B4947}"
EndProject
Project("{9A19103F-16F7-4668-BE54-9A1E7A4F7556}") = "Gapotchenko.FX.Diagnostics.Process.Test", "Test\Gapotchenko.FX.Diagnostics.Process.Test\Gapotchenko.FX.Diagnostics.Process.Test.csproj", "{5D6BD327-9F56-4FCF-A14D-8B95646805FA}"
EndProject
Project("{2150E333-8FDC-42A3-9474-1A3956D46DE8}") = "Diagnostics", "Diagnostics", "{EE48EFC8-C94C-4210-897A-769BC8783C6D}"
EndProject
Project("{2150E333-8FDC-42A3-9474-1A3956D46DE8}") = "Linq", "Linq", "{EE6BD3CE-24F8-42DA-B26F-6E4FB38C8EF2}"
EndProject
Project("{2150E333-8FDC-42A3-9474-1A3956D46DE8}") = "Diagnostics", "Diagnostics", "{B9F34781-8B2B-4E38-8DCB-1B99EB93F817}"
EndProject
Project("{FAE04EC0-301F-11D3-BF4B-00C04F79EFBC}") = "Gapotchenko.FX.Diagnostics.CommandLine.Test", "Test\Gapotchenko.FX.Diagnostics.CommandLine.Test\Gapotchenko.FX.Diagnostics.CommandLine.Test.csproj", "{9ABBEC51-84C6-46E3-A7C4-EA694ED3A8F1}"
EndProject
Global
	GlobalSection(SolutionConfigurationPlatforms) = preSolution
		Debug|Any CPU = Debug|Any CPU
		Release|Any CPU = Release|Any CPU
	EndGlobalSection
	GlobalSection(ProjectConfigurationPlatforms) = postSolution
		{3188853F-ECB8-4002-9273-23F4A9B41823}.Debug|Any CPU.ActiveCfg = Debug|Any CPU
		{3188853F-ECB8-4002-9273-23F4A9B41823}.Debug|Any CPU.Build.0 = Debug|Any CPU
		{3188853F-ECB8-4002-9273-23F4A9B41823}.Release|Any CPU.ActiveCfg = Release|Any CPU
		{3188853F-ECB8-4002-9273-23F4A9B41823}.Release|Any CPU.Build.0 = Release|Any CPU
		{413EB45F-F5C5-4432-85A7-1859C972CAC1}.Debug|Any CPU.ActiveCfg = Debug|Any CPU
		{413EB45F-F5C5-4432-85A7-1859C972CAC1}.Debug|Any CPU.Build.0 = Debug|Any CPU
		{413EB45F-F5C5-4432-85A7-1859C972CAC1}.Release|Any CPU.ActiveCfg = Release|Any CPU
		{413EB45F-F5C5-4432-85A7-1859C972CAC1}.Release|Any CPU.Build.0 = Release|Any CPU
		{C6404A82-9B1F-4A45-BCAD-39D83FCF84B9}.Debug|Any CPU.ActiveCfg = Debug|Any CPU
		{C6404A82-9B1F-4A45-BCAD-39D83FCF84B9}.Debug|Any CPU.Build.0 = Debug|Any CPU
		{C6404A82-9B1F-4A45-BCAD-39D83FCF84B9}.Release|Any CPU.ActiveCfg = Release|Any CPU
		{C6404A82-9B1F-4A45-BCAD-39D83FCF84B9}.Release|Any CPU.Build.0 = Release|Any CPU
		{394AB9E5-2AF1-4C7A-936C-43E5DC3351C3}.Debug|Any CPU.ActiveCfg = Debug|Any CPU
		{394AB9E5-2AF1-4C7A-936C-43E5DC3351C3}.Debug|Any CPU.Build.0 = Debug|Any CPU
		{394AB9E5-2AF1-4C7A-936C-43E5DC3351C3}.Release|Any CPU.ActiveCfg = Release|Any CPU
		{394AB9E5-2AF1-4C7A-936C-43E5DC3351C3}.Release|Any CPU.Build.0 = Release|Any CPU
		{9CD580F3-FFC0-4071-8CE3-F21E204E5763}.Debug|Any CPU.ActiveCfg = Debug|Any CPU
		{9CD580F3-FFC0-4071-8CE3-F21E204E5763}.Debug|Any CPU.Build.0 = Debug|Any CPU
		{9CD580F3-FFC0-4071-8CE3-F21E204E5763}.Release|Any CPU.ActiveCfg = Release|Any CPU
		{9CD580F3-FFC0-4071-8CE3-F21E204E5763}.Release|Any CPU.Build.0 = Release|Any CPU
		{9094EE1A-5940-40BE-A8AB-965BAEF37A44}.Debug|Any CPU.ActiveCfg = Debug|Any CPU
		{9094EE1A-5940-40BE-A8AB-965BAEF37A44}.Debug|Any CPU.Build.0 = Debug|Any CPU
		{9094EE1A-5940-40BE-A8AB-965BAEF37A44}.Release|Any CPU.ActiveCfg = Release|Any CPU
		{9094EE1A-5940-40BE-A8AB-965BAEF37A44}.Release|Any CPU.Build.0 = Release|Any CPU
		{2E3E19B9-7262-4CEA-8329-F41C212CE54D}.Debug|Any CPU.ActiveCfg = Debug|Any CPU
		{2E3E19B9-7262-4CEA-8329-F41C212CE54D}.Debug|Any CPU.Build.0 = Debug|Any CPU
		{2E3E19B9-7262-4CEA-8329-F41C212CE54D}.Release|Any CPU.ActiveCfg = Release|Any CPU
		{2E3E19B9-7262-4CEA-8329-F41C212CE54D}.Release|Any CPU.Build.0 = Release|Any CPU
		{77FC3FD0-89D7-46B3-BB6B-555A77665738}.Debug|Any CPU.ActiveCfg = Debug|Any CPU
		{77FC3FD0-89D7-46B3-BB6B-555A77665738}.Debug|Any CPU.Build.0 = Debug|Any CPU
		{77FC3FD0-89D7-46B3-BB6B-555A77665738}.Release|Any CPU.ActiveCfg = Release|Any CPU
		{77FC3FD0-89D7-46B3-BB6B-555A77665738}.Release|Any CPU.Build.0 = Release|Any CPU
		{C4BFF210-5036-460E-85EF-1F3C2B53185C}.Debug|Any CPU.ActiveCfg = Debug|Any CPU
		{C4BFF210-5036-460E-85EF-1F3C2B53185C}.Debug|Any CPU.Build.0 = Debug|Any CPU
		{C4BFF210-5036-460E-85EF-1F3C2B53185C}.Release|Any CPU.ActiveCfg = Release|Any CPU
		{C4BFF210-5036-460E-85EF-1F3C2B53185C}.Release|Any CPU.Build.0 = Release|Any CPU
		{448BAA58-B9D8-419B-993D-200F5E620B7B}.Debug|Any CPU.ActiveCfg = Debug|Any CPU
		{448BAA58-B9D8-419B-993D-200F5E620B7B}.Debug|Any CPU.Build.0 = Debug|Any CPU
		{448BAA58-B9D8-419B-993D-200F5E620B7B}.Release|Any CPU.ActiveCfg = Release|Any CPU
		{448BAA58-B9D8-419B-993D-200F5E620B7B}.Release|Any CPU.Build.0 = Release|Any CPU
		{75849171-E56A-41B4-A685-7BAB8B875C7F}.Debug|Any CPU.ActiveCfg = Debug|Any CPU
		{75849171-E56A-41B4-A685-7BAB8B875C7F}.Debug|Any CPU.Build.0 = Debug|Any CPU
		{75849171-E56A-41B4-A685-7BAB8B875C7F}.Release|Any CPU.ActiveCfg = Release|Any CPU
		{75849171-E56A-41B4-A685-7BAB8B875C7F}.Release|Any CPU.Build.0 = Release|Any CPU
		{280EB526-4B91-4702-B9D5-45EDEDB51798}.Debug|Any CPU.ActiveCfg = Debug|Any CPU
		{280EB526-4B91-4702-B9D5-45EDEDB51798}.Debug|Any CPU.Build.0 = Debug|Any CPU
		{280EB526-4B91-4702-B9D5-45EDEDB51798}.Release|Any CPU.ActiveCfg = Release|Any CPU
		{280EB526-4B91-4702-B9D5-45EDEDB51798}.Release|Any CPU.Build.0 = Release|Any CPU
		{013EF111-CDCE-4AFB-9860-66312F085861}.Debug|Any CPU.ActiveCfg = Debug|Any CPU
		{013EF111-CDCE-4AFB-9860-66312F085861}.Debug|Any CPU.Build.0 = Debug|Any CPU
		{013EF111-CDCE-4AFB-9860-66312F085861}.Release|Any CPU.ActiveCfg = Release|Any CPU
		{013EF111-CDCE-4AFB-9860-66312F085861}.Release|Any CPU.Build.0 = Release|Any CPU
		{7CF2CFC3-E676-494D-908F-5CBC139543C4}.Debug|Any CPU.ActiveCfg = Debug|Any CPU
		{7CF2CFC3-E676-494D-908F-5CBC139543C4}.Debug|Any CPU.Build.0 = Debug|Any CPU
		{7CF2CFC3-E676-494D-908F-5CBC139543C4}.Release|Any CPU.ActiveCfg = Release|Any CPU
		{7CF2CFC3-E676-494D-908F-5CBC139543C4}.Release|Any CPU.Build.0 = Release|Any CPU
		{0BA201BE-385A-43CC-94B9-B934EBB4514F}.Debug|Any CPU.ActiveCfg = Debug|Any CPU
		{0BA201BE-385A-43CC-94B9-B934EBB4514F}.Debug|Any CPU.Build.0 = Debug|Any CPU
		{0BA201BE-385A-43CC-94B9-B934EBB4514F}.Release|Any CPU.ActiveCfg = Release|Any CPU
		{0BA201BE-385A-43CC-94B9-B934EBB4514F}.Release|Any CPU.Build.0 = Release|Any CPU
		{45485C62-828E-47C3-B58A-E89AA5781AAB}.Debug|Any CPU.ActiveCfg = Debug|Any CPU
		{45485C62-828E-47C3-B58A-E89AA5781AAB}.Debug|Any CPU.Build.0 = Debug|Any CPU
		{45485C62-828E-47C3-B58A-E89AA5781AAB}.Release|Any CPU.ActiveCfg = Release|Any CPU
		{45485C62-828E-47C3-B58A-E89AA5781AAB}.Release|Any CPU.Build.0 = Release|Any CPU
		{83E881DB-1419-4145-980D-51DCE3650427}.Debug|Any CPU.ActiveCfg = Debug|Any CPU
		{83E881DB-1419-4145-980D-51DCE3650427}.Debug|Any CPU.Build.0 = Debug|Any CPU
		{83E881DB-1419-4145-980D-51DCE3650427}.Release|Any CPU.ActiveCfg = Release|Any CPU
		{83E881DB-1419-4145-980D-51DCE3650427}.Release|Any CPU.Build.0 = Release|Any CPU
		{D4447E26-D520-46C1-8FAE-D6176318F376}.Debug|Any CPU.ActiveCfg = Debug|Any CPU
		{D4447E26-D520-46C1-8FAE-D6176318F376}.Debug|Any CPU.Build.0 = Debug|Any CPU
		{D4447E26-D520-46C1-8FAE-D6176318F376}.Release|Any CPU.ActiveCfg = Release|Any CPU
		{D4447E26-D520-46C1-8FAE-D6176318F376}.Release|Any CPU.Build.0 = Release|Any CPU
		{5C7C60BA-695A-4219-8645-7B32169F74D9}.Debug|Any CPU.ActiveCfg = Debug|Any CPU
		{5C7C60BA-695A-4219-8645-7B32169F74D9}.Debug|Any CPU.Build.0 = Debug|Any CPU
		{5C7C60BA-695A-4219-8645-7B32169F74D9}.Release|Any CPU.ActiveCfg = Release|Any CPU
		{5C7C60BA-695A-4219-8645-7B32169F74D9}.Release|Any CPU.Build.0 = Release|Any CPU
		{CF4B10ED-B17A-406F-8C5A-8945BD73C663}.Debug|Any CPU.ActiveCfg = Debug|Any CPU
		{CF4B10ED-B17A-406F-8C5A-8945BD73C663}.Debug|Any CPU.Build.0 = Debug|Any CPU
		{CF4B10ED-B17A-406F-8C5A-8945BD73C663}.Release|Any CPU.ActiveCfg = Release|Any CPU
		{CF4B10ED-B17A-406F-8C5A-8945BD73C663}.Release|Any CPU.Build.0 = Release|Any CPU
		{9A39605A-F280-4C5F-AAFB-7F03CDFBF7E2}.Debug|Any CPU.ActiveCfg = Debug|Any CPU
		{9A39605A-F280-4C5F-AAFB-7F03CDFBF7E2}.Debug|Any CPU.Build.0 = Debug|Any CPU
		{9A39605A-F280-4C5F-AAFB-7F03CDFBF7E2}.Release|Any CPU.ActiveCfg = Release|Any CPU
		{9A39605A-F280-4C5F-AAFB-7F03CDFBF7E2}.Release|Any CPU.Build.0 = Release|Any CPU
		{F4F78C5D-816A-4434-ACCB-C8C874BEF459}.Debug|Any CPU.ActiveCfg = Debug|Any CPU
		{F4F78C5D-816A-4434-ACCB-C8C874BEF459}.Debug|Any CPU.Build.0 = Debug|Any CPU
		{F4F78C5D-816A-4434-ACCB-C8C874BEF459}.Release|Any CPU.ActiveCfg = Release|Any CPU
		{F4F78C5D-816A-4434-ACCB-C8C874BEF459}.Release|Any CPU.Build.0 = Release|Any CPU
		{D15DF10F-F35A-4011-A36C-3D12712F1ECC}.Debug|Any CPU.ActiveCfg = Debug|Any CPU
		{D15DF10F-F35A-4011-A36C-3D12712F1ECC}.Debug|Any CPU.Build.0 = Debug|Any CPU
		{D15DF10F-F35A-4011-A36C-3D12712F1ECC}.Release|Any CPU.ActiveCfg = Release|Any CPU
		{D15DF10F-F35A-4011-A36C-3D12712F1ECC}.Release|Any CPU.Build.0 = Release|Any CPU
		{304875A0-365B-4665-9276-0E2FA64F0C91}.Debug|Any CPU.ActiveCfg = Debug|Any CPU
		{304875A0-365B-4665-9276-0E2FA64F0C91}.Debug|Any CPU.Build.0 = Debug|Any CPU
		{304875A0-365B-4665-9276-0E2FA64F0C91}.Release|Any CPU.ActiveCfg = Release|Any CPU
		{304875A0-365B-4665-9276-0E2FA64F0C91}.Release|Any CPU.Build.0 = Release|Any CPU
		{ACB6423A-D737-4EB1-B2E5-CD63D30EC7E5}.Debug|Any CPU.ActiveCfg = Debug|Any CPU
		{ACB6423A-D737-4EB1-B2E5-CD63D30EC7E5}.Debug|Any CPU.Build.0 = Debug|Any CPU
		{ACB6423A-D737-4EB1-B2E5-CD63D30EC7E5}.Release|Any CPU.ActiveCfg = Release|Any CPU
		{ACB6423A-D737-4EB1-B2E5-CD63D30EC7E5}.Release|Any CPU.Build.0 = Release|Any CPU
		{F32F3798-8CFD-4530-AB1E-B4D6B2AA097C}.Debug|Any CPU.ActiveCfg = Debug|Any CPU
		{F32F3798-8CFD-4530-AB1E-B4D6B2AA097C}.Debug|Any CPU.Build.0 = Debug|Any CPU
		{F32F3798-8CFD-4530-AB1E-B4D6B2AA097C}.Release|Any CPU.ActiveCfg = Release|Any CPU
		{F32F3798-8CFD-4530-AB1E-B4D6B2AA097C}.Release|Any CPU.Build.0 = Release|Any CPU
		{1F237F91-CDAB-4AFC-8931-B4819BE1DD74}.Debug|Any CPU.ActiveCfg = Debug|Any CPU
		{1F237F91-CDAB-4AFC-8931-B4819BE1DD74}.Debug|Any CPU.Build.0 = Debug|Any CPU
		{1F237F91-CDAB-4AFC-8931-B4819BE1DD74}.Release|Any CPU.ActiveCfg = Release|Any CPU
		{1F237F91-CDAB-4AFC-8931-B4819BE1DD74}.Release|Any CPU.Build.0 = Release|Any CPU
		{F77000CF-32B0-4A28-9F03-913DF019ADBB}.Debug|Any CPU.ActiveCfg = Debug|Any CPU
		{F77000CF-32B0-4A28-9F03-913DF019ADBB}.Debug|Any CPU.Build.0 = Debug|Any CPU
		{F77000CF-32B0-4A28-9F03-913DF019ADBB}.Release|Any CPU.ActiveCfg = Release|Any CPU
		{F77000CF-32B0-4A28-9F03-913DF019ADBB}.Release|Any CPU.Build.0 = Release|Any CPU
		{F901E9C3-32CD-41BA-ADCD-F3CC909B3647}.Debug|Any CPU.ActiveCfg = Debug|Any CPU
		{F901E9C3-32CD-41BA-ADCD-F3CC909B3647}.Debug|Any CPU.Build.0 = Debug|Any CPU
		{F901E9C3-32CD-41BA-ADCD-F3CC909B3647}.Release|Any CPU.ActiveCfg = Release|Any CPU
		{F901E9C3-32CD-41BA-ADCD-F3CC909B3647}.Release|Any CPU.Build.0 = Release|Any CPU
		{22603866-075E-4D85-9BB4-730D2BD71D15}.Debug|Any CPU.ActiveCfg = Debug|Any CPU
		{22603866-075E-4D85-9BB4-730D2BD71D15}.Debug|Any CPU.Build.0 = Debug|Any CPU
		{22603866-075E-4D85-9BB4-730D2BD71D15}.Release|Any CPU.ActiveCfg = Release|Any CPU
		{22603866-075E-4D85-9BB4-730D2BD71D15}.Release|Any CPU.Build.0 = Release|Any CPU
		{83D53DEA-66B1-491E-A038-5A8FD8DB1ADF}.Debug|Any CPU.ActiveCfg = Debug|Any CPU
		{83D53DEA-66B1-491E-A038-5A8FD8DB1ADF}.Debug|Any CPU.Build.0 = Debug|Any CPU
		{83D53DEA-66B1-491E-A038-5A8FD8DB1ADF}.Release|Any CPU.ActiveCfg = Release|Any CPU
		{83D53DEA-66B1-491E-A038-5A8FD8DB1ADF}.Release|Any CPU.Build.0 = Release|Any CPU
		{91792366-3F60-4444-BFFA-3AB1D1FE0489}.Debug|Any CPU.ActiveCfg = Debug|Any CPU
		{91792366-3F60-4444-BFFA-3AB1D1FE0489}.Debug|Any CPU.Build.0 = Debug|Any CPU
		{91792366-3F60-4444-BFFA-3AB1D1FE0489}.Release|Any CPU.ActiveCfg = Release|Any CPU
		{91792366-3F60-4444-BFFA-3AB1D1FE0489}.Release|Any CPU.Build.0 = Release|Any CPU
		{06B7F74D-1094-4843-A55C-5B577858D464}.Debug|Any CPU.ActiveCfg = Debug|Any CPU
		{06B7F74D-1094-4843-A55C-5B577858D464}.Debug|Any CPU.Build.0 = Debug|Any CPU
		{06B7F74D-1094-4843-A55C-5B577858D464}.Release|Any CPU.ActiveCfg = Release|Any CPU
		{06B7F74D-1094-4843-A55C-5B577858D464}.Release|Any CPU.Build.0 = Release|Any CPU
		{3F52F9DE-9397-42DF-9E03-A2DA6F9219A3}.Debug|Any CPU.ActiveCfg = Debug|Any CPU
		{3F52F9DE-9397-42DF-9E03-A2DA6F9219A3}.Debug|Any CPU.Build.0 = Debug|Any CPU
		{3F52F9DE-9397-42DF-9E03-A2DA6F9219A3}.Release|Any CPU.ActiveCfg = Release|Any CPU
		{3F52F9DE-9397-42DF-9E03-A2DA6F9219A3}.Release|Any CPU.Build.0 = Release|Any CPU
		{E37BD788-E406-4102-B816-9CEC0EB2A7BE}.Debug|Any CPU.ActiveCfg = Debug|Any CPU
		{E37BD788-E406-4102-B816-9CEC0EB2A7BE}.Debug|Any CPU.Build.0 = Debug|Any CPU
		{E37BD788-E406-4102-B816-9CEC0EB2A7BE}.Release|Any CPU.ActiveCfg = Release|Any CPU
		{E37BD788-E406-4102-B816-9CEC0EB2A7BE}.Release|Any CPU.Build.0 = Release|Any CPU
		{564E7562-D09A-4C9E-B390-A1B61842D2BA}.Debug|Any CPU.ActiveCfg = Debug|Any CPU
		{564E7562-D09A-4C9E-B390-A1B61842D2BA}.Debug|Any CPU.Build.0 = Debug|Any CPU
		{564E7562-D09A-4C9E-B390-A1B61842D2BA}.Release|Any CPU.ActiveCfg = Release|Any CPU
		{564E7562-D09A-4C9E-B390-A1B61842D2BA}.Release|Any CPU.Build.0 = Release|Any CPU
		{C44FF569-B8D4-43A0-B84C-66D6403DBE31}.Debug|Any CPU.ActiveCfg = Debug|Any CPU
		{C44FF569-B8D4-43A0-B84C-66D6403DBE31}.Debug|Any CPU.Build.0 = Debug|Any CPU
		{C44FF569-B8D4-43A0-B84C-66D6403DBE31}.Release|Any CPU.ActiveCfg = Release|Any CPU
		{C44FF569-B8D4-43A0-B84C-66D6403DBE31}.Release|Any CPU.Build.0 = Release|Any CPU
		{6E1ACE3E-AE74-44BF-A6DB-655E5C34B636}.Debug|Any CPU.ActiveCfg = Debug|Any CPU
		{6E1ACE3E-AE74-44BF-A6DB-655E5C34B636}.Debug|Any CPU.Build.0 = Debug|Any CPU
		{6E1ACE3E-AE74-44BF-A6DB-655E5C34B636}.Release|Any CPU.ActiveCfg = Release|Any CPU
		{6E1ACE3E-AE74-44BF-A6DB-655E5C34B636}.Release|Any CPU.Build.0 = Release|Any CPU
		{D862A0D3-0894-45F6-8242-1E888103F6CC}.Debug|Any CPU.ActiveCfg = Debug|Any CPU
		{D862A0D3-0894-45F6-8242-1E888103F6CC}.Debug|Any CPU.Build.0 = Debug|Any CPU
		{D862A0D3-0894-45F6-8242-1E888103F6CC}.Release|Any CPU.ActiveCfg = Release|Any CPU
		{D862A0D3-0894-45F6-8242-1E888103F6CC}.Release|Any CPU.Build.0 = Release|Any CPU
		{B105686D-CA0C-4B6C-8FDB-A7B70D857D02}.Debug|Any CPU.ActiveCfg = Debug|Any CPU
		{B105686D-CA0C-4B6C-8FDB-A7B70D857D02}.Debug|Any CPU.Build.0 = Debug|Any CPU
		{B105686D-CA0C-4B6C-8FDB-A7B70D857D02}.Release|Any CPU.ActiveCfg = Release|Any CPU
		{B105686D-CA0C-4B6C-8FDB-A7B70D857D02}.Release|Any CPU.Build.0 = Release|Any CPU
		{85549320-1841-4629-8684-A565862841CD}.Debug|Any CPU.ActiveCfg = Debug|Any CPU
		{85549320-1841-4629-8684-A565862841CD}.Debug|Any CPU.Build.0 = Debug|Any CPU
		{85549320-1841-4629-8684-A565862841CD}.Release|Any CPU.ActiveCfg = Release|Any CPU
		{85549320-1841-4629-8684-A565862841CD}.Release|Any CPU.Build.0 = Release|Any CPU
		{62D6B37C-C7CE-419D-A94C-65810C171744}.Debug|Any CPU.ActiveCfg = Debug|Any CPU
		{62D6B37C-C7CE-419D-A94C-65810C171744}.Debug|Any CPU.Build.0 = Debug|Any CPU
		{62D6B37C-C7CE-419D-A94C-65810C171744}.Release|Any CPU.ActiveCfg = Release|Any CPU
		{62D6B37C-C7CE-419D-A94C-65810C171744}.Release|Any CPU.Build.0 = Release|Any CPU
		{1E8CD591-B6CC-474D-A74D-2061C4BCA4D1}.Debug|Any CPU.ActiveCfg = Debug|Any CPU
		{1E8CD591-B6CC-474D-A74D-2061C4BCA4D1}.Debug|Any CPU.Build.0 = Debug|Any CPU
		{1E8CD591-B6CC-474D-A74D-2061C4BCA4D1}.Release|Any CPU.ActiveCfg = Release|Any CPU
		{1E8CD591-B6CC-474D-A74D-2061C4BCA4D1}.Release|Any CPU.Build.0 = Release|Any CPU
		{006DFB7E-052A-4496-B9A0-7AF038058AB7}.Debug|Any CPU.ActiveCfg = Debug|Any CPU
		{006DFB7E-052A-4496-B9A0-7AF038058AB7}.Debug|Any CPU.Build.0 = Debug|Any CPU
		{006DFB7E-052A-4496-B9A0-7AF038058AB7}.Release|Any CPU.ActiveCfg = Release|Any CPU
		{006DFB7E-052A-4496-B9A0-7AF038058AB7}.Release|Any CPU.Build.0 = Release|Any CPU
		{FE72C33E-3065-416D-8431-9884422B4947}.Debug|Any CPU.ActiveCfg = Debug|Any CPU
		{FE72C33E-3065-416D-8431-9884422B4947}.Debug|Any CPU.Build.0 = Debug|Any CPU
		{FE72C33E-3065-416D-8431-9884422B4947}.Release|Any CPU.ActiveCfg = Release|Any CPU
		{FE72C33E-3065-416D-8431-9884422B4947}.Release|Any CPU.Build.0 = Release|Any CPU
		{5D6BD327-9F56-4FCF-A14D-8B95646805FA}.Debug|Any CPU.ActiveCfg = Debug|Any CPU
		{5D6BD327-9F56-4FCF-A14D-8B95646805FA}.Debug|Any CPU.Build.0 = Debug|Any CPU
		{5D6BD327-9F56-4FCF-A14D-8B95646805FA}.Release|Any CPU.ActiveCfg = Release|Any CPU
		{5D6BD327-9F56-4FCF-A14D-8B95646805FA}.Release|Any CPU.Build.0 = Release|Any CPU
		{9ABBEC51-84C6-46E3-A7C4-EA694ED3A8F1}.Debug|Any CPU.ActiveCfg = Debug|Any CPU
		{9ABBEC51-84C6-46E3-A7C4-EA694ED3A8F1}.Debug|Any CPU.Build.0 = Debug|Any CPU
		{9ABBEC51-84C6-46E3-A7C4-EA694ED3A8F1}.Release|Any CPU.ActiveCfg = Release|Any CPU
		{9ABBEC51-84C6-46E3-A7C4-EA694ED3A8F1}.Release|Any CPU.Build.0 = Release|Any CPU
	EndGlobalSection
	GlobalSection(SolutionProperties) = preSolution
		HideSolutionNode = FALSE
	EndGlobalSection
	GlobalSection(NestedProjects) = preSolution
		{3188853F-ECB8-4002-9273-23F4A9B41823} = {223BAE25-5FEC-4D58-A4DB-E51D0ACEF182}
		{413EB45F-F5C5-4432-85A7-1859C972CAC1} = {223BAE25-5FEC-4D58-A4DB-E51D0ACEF182}
		{C6404A82-9B1F-4A45-BCAD-39D83FCF84B9} = {EE48EFC8-C94C-4210-897A-769BC8783C6D}
		{394AB9E5-2AF1-4C7A-936C-43E5DC3351C3} = {C0007571-9A88-4691-AAEA-4D6E2A04CAD6}
		{9CD580F3-FFC0-4071-8CE3-F21E204E5763} = {223BAE25-5FEC-4D58-A4DB-E51D0ACEF182}
		{9094EE1A-5940-40BE-A8AB-965BAEF37A44} = {EE6BD3CE-24F8-42DA-B26F-6E4FB38C8EF2}
		{2E3E19B9-7262-4CEA-8329-F41C212CE54D} = {C0007571-9A88-4691-AAEA-4D6E2A04CAD6}
		{77FC3FD0-89D7-46B3-BB6B-555A77665738} = {223BAE25-5FEC-4D58-A4DB-E51D0ACEF182}
		{C4BFF210-5036-460E-85EF-1F3C2B53185C} = {223BAE25-5FEC-4D58-A4DB-E51D0ACEF182}
		{93EBF1AB-34B5-4A12-8135-8BC2047A9634} = {2B63C0D4-A90F-458D-9116-83ABC34274D9}
		{448BAA58-B9D8-419B-993D-200F5E620B7B} = {93EBF1AB-34B5-4A12-8135-8BC2047A9634}
		{75849171-E56A-41B4-A685-7BAB8B875C7F} = {223BAE25-5FEC-4D58-A4DB-E51D0ACEF182}
		{280EB526-4B91-4702-B9D5-45EDEDB51798} = {EE48EFC8-C94C-4210-897A-769BC8783C6D}
		{013EF111-CDCE-4AFB-9860-66312F085861} = {EE48EFC8-C94C-4210-897A-769BC8783C6D}
		{7CF2CFC3-E676-494D-908F-5CBC139543C4} = {EE6BD3CE-24F8-42DA-B26F-6E4FB38C8EF2}
		{0BA201BE-385A-43CC-94B9-B934EBB4514F} = {7EF72767-6970-43FD-98E6-B669ADD680A4}
		{45485C62-828E-47C3-B58A-E89AA5781AAB} = {C0007571-9A88-4691-AAEA-4D6E2A04CAD6}
		{83E881DB-1419-4145-980D-51DCE3650427} = {C0007571-9A88-4691-AAEA-4D6E2A04CAD6}
		{886D55E2-1640-4D63-AA13-4C562469E669} = {FE418288-EAB6-41FC-A2B6-6FDEB2473213}
		{68BA92DB-7296-463D-9C99-01357420A1A0} = {2B63C0D4-A90F-458D-9116-83ABC34274D9}
		{0EC93163-AEB9-4D7B-ADC2-F665157CE38C} = {2B63C0D4-A90F-458D-9116-83ABC34274D9}
		{FE418288-EAB6-41FC-A2B6-6FDEB2473213} = {2B63C0D4-A90F-458D-9116-83ABC34274D9}
		{D4447E26-D520-46C1-8FAE-D6176318F376} = {C0007571-9A88-4691-AAEA-4D6E2A04CAD6}
		{5C7C60BA-695A-4219-8645-7B32169F74D9} = {C2DC67EB-5194-432D-A088-2EA90951DF87}
		{CF4B10ED-B17A-406F-8C5A-8945BD73C663} = {223BAE25-5FEC-4D58-A4DB-E51D0ACEF182}
		{9A39605A-F280-4C5F-AAFB-7F03CDFBF7E2} = {C0007571-9A88-4691-AAEA-4D6E2A04CAD6}
		{F4F78C5D-816A-4434-ACCB-C8C874BEF459} = {223BAE25-5FEC-4D58-A4DB-E51D0ACEF182}
		{D15DF10F-F35A-4011-A36C-3D12712F1ECC} = {223BAE25-5FEC-4D58-A4DB-E51D0ACEF182}
		{304875A0-365B-4665-9276-0E2FA64F0C91} = {223BAE25-5FEC-4D58-A4DB-E51D0ACEF182}
		{C2DC67EB-5194-432D-A088-2EA90951DF87} = {223BAE25-5FEC-4D58-A4DB-E51D0ACEF182}
		{A80D0BB1-33D4-4C0D-8FC7-EE1999EAF7C9} = {C2DC67EB-5194-432D-A088-2EA90951DF87}
		{ACB6423A-D737-4EB1-B2E5-CD63D30EC7E5} = {A80D0BB1-33D4-4C0D-8FC7-EE1999EAF7C9}
		{F32F3798-8CFD-4530-AB1E-B4D6B2AA097C} = {A80D0BB1-33D4-4C0D-8FC7-EE1999EAF7C9}
		{0D07D6F9-E558-4E2F-8DFE-7A295BFB5472} = {C0007571-9A88-4691-AAEA-4D6E2A04CAD6}
		{1F237F91-CDAB-4AFC-8931-B4819BE1DD74} = {0D07D6F9-E558-4E2F-8DFE-7A295BFB5472}
		{F77000CF-32B0-4A28-9F03-913DF019ADBB} = {A80D0BB1-33D4-4C0D-8FC7-EE1999EAF7C9}
		{3FEEE50B-7D21-48C8-9DB2-C410DB674EB5} = {C2DC67EB-5194-432D-A088-2EA90951DF87}
		{F901E9C3-32CD-41BA-ADCD-F3CC909B3647} = {3FEEE50B-7D21-48C8-9DB2-C410DB674EB5}
		{DE529E09-D427-41CF-887B-79979CF071C6} = {0D07D6F9-E558-4E2F-8DFE-7A295BFB5472}
		{22603866-075E-4D85-9BB4-730D2BD71D15} = {DE529E09-D427-41CF-887B-79979CF071C6}
		{83D53DEA-66B1-491E-A038-5A8FD8DB1ADF} = {3FEEE50B-7D21-48C8-9DB2-C410DB674EB5}
		{91792366-3F60-4444-BFFA-3AB1D1FE0489} = {DE529E09-D427-41CF-887B-79979CF071C6}
		{06B7F74D-1094-4843-A55C-5B577858D464} = {DE529E09-D427-41CF-887B-79979CF071C6}
		{3F52F9DE-9397-42DF-9E03-A2DA6F9219A3} = {3FEEE50B-7D21-48C8-9DB2-C410DB674EB5}
		{E37BD788-E406-4102-B816-9CEC0EB2A7BE} = {3FEEE50B-7D21-48C8-9DB2-C410DB674EB5}
		{564E7562-D09A-4C9E-B390-A1B61842D2BA} = {3FEEE50B-7D21-48C8-9DB2-C410DB674EB5}
		{C44FF569-B8D4-43A0-B84C-66D6403DBE31} = {3FEEE50B-7D21-48C8-9DB2-C410DB674EB5}
		{6E1ACE3E-AE74-44BF-A6DB-655E5C34B636} = {DE529E09-D427-41CF-887B-79979CF071C6}
		{D862A0D3-0894-45F6-8242-1E888103F6CC} = {DE529E09-D427-41CF-887B-79979CF071C6}
		{B105686D-CA0C-4B6C-8FDB-A7B70D857D02} = {3FEEE50B-7D21-48C8-9DB2-C410DB674EB5}
		{85549320-1841-4629-8684-A565862841CD} = {DE529E09-D427-41CF-887B-79979CF071C6}
		{62D6B37C-C7CE-419D-A94C-65810C171744} = {3FEEE50B-7D21-48C8-9DB2-C410DB674EB5}
		{1E8CD591-B6CC-474D-A74D-2061C4BCA4D1} = {DE529E09-D427-41CF-887B-79979CF071C6}
		{006DFB7E-052A-4496-B9A0-7AF038058AB7} = {223BAE25-5FEC-4D58-A4DB-E51D0ACEF182}
		{FE72C33E-3065-416D-8431-9884422B4947} = {223BAE25-5FEC-4D58-A4DB-E51D0ACEF182}
		{5D6BD327-9F56-4FCF-A14D-8B95646805FA} = {B9F34781-8B2B-4E38-8DCB-1B99EB93F817}
		{EE48EFC8-C94C-4210-897A-769BC8783C6D} = {223BAE25-5FEC-4D58-A4DB-E51D0ACEF182}
		{EE6BD3CE-24F8-42DA-B26F-6E4FB38C8EF2} = {223BAE25-5FEC-4D58-A4DB-E51D0ACEF182}
		{B9F34781-8B2B-4E38-8DCB-1B99EB93F817} = {C0007571-9A88-4691-AAEA-4D6E2A04CAD6}
		{9ABBEC51-84C6-46E3-A7C4-EA694ED3A8F1} = {B9F34781-8B2B-4E38-8DCB-1B99EB93F817}
	EndGlobalSection
	GlobalSection(ExtensibilityGlobals) = postSolution
		SolutionGuid = {FC65FA11-CBF6-4179-95CA-218A268B120B}
	EndGlobalSection
EndGlobal
