
Microsoft Visual Studio Solution File, Format Version 12.00
# Visual Studio 15
VisualStudioVersion = 15.0.28307.168
MinimumVisualStudioVersion = 10.0.40219.1
Project("{9A19103F-16F7-4668-BE54-9A1E7A4F7556}") = "Gapotchenko.FX", "Gapotchenko.FX\Gapotchenko.FX.csproj", "{3188853F-ECB8-4002-9273-23F4A9B41823}"
EndProject
Project("{9A19103F-16F7-4668-BE54-9A1E7A4F7556}") = "Gapotchenko.FX.Threading", "Gapotchenko.FX.Threading\Gapotchenko.FX.Threading.csproj", "{413EB45F-F5C5-4432-85A7-1859C972CAC1}"
EndProject
Project("{9A19103F-16F7-4668-BE54-9A1E7A4F7556}") = "Gapotchenko.FX.Diagnostics.Process", "Gapotchenko.FX.Diagnostics.Process\Gapotchenko.FX.Diagnostics.Process.csproj", "{C6404A82-9B1F-4A45-BCAD-39D83FCF84B9}"
EndProject
Global
	GlobalSection(SolutionConfigurationPlatforms) = preSolution
		Debug|Any CPU = Debug|Any CPU
		Release|Any CPU = Release|Any CPU
	EndGlobalSection
	GlobalSection(ProjectConfigurationPlatforms) = postSolution
		{3188853F-ECB8-4002-9273-23F4A9B41823}.Debug|Any CPU.ActiveCfg = Debug|Any CPU
		{3188853F-ECB8-4002-9273-23F4A9B41823}.Debug|Any CPU.Build.0 = Debug|Any CPU
		{3188853F-ECB8-4002-9273-23F4A9B41823}.Release|Any CPU.ActiveCfg = Release|Any CPU
		{3188853F-ECB8-4002-9273-23F4A9B41823}.Release|Any CPU.Build.0 = Release|Any CPU
		{413EB45F-F5C5-4432-85A7-1859C972CAC1}.Debug|Any CPU.ActiveCfg = Debug|Any CPU
		{413EB45F-F5C5-4432-85A7-1859C972CAC1}.Debug|Any CPU.Build.0 = Debug|Any CPU
		{413EB45F-F5C5-4432-85A7-1859C972CAC1}.Release|Any CPU.ActiveCfg = Release|Any CPU
		{413EB45F-F5C5-4432-85A7-1859C972CAC1}.Release|Any CPU.Build.0 = Release|Any CPU
		{C6404A82-9B1F-4A45-BCAD-39D83FCF84B9}.Debug|Any CPU.ActiveCfg = Debug|Any CPU
		{C6404A82-9B1F-4A45-BCAD-39D83FCF84B9}.Debug|Any CPU.Build.0 = Debug|Any CPU
		{C6404A82-9B1F-4A45-BCAD-39D83FCF84B9}.Release|Any CPU.ActiveCfg = Release|Any CPU
		{C6404A82-9B1F-4A45-BCAD-39D83FCF84B9}.Release|Any CPU.Build.0 = Release|Any CPU
	EndGlobalSection
	GlobalSection(SolutionProperties) = preSolution
		HideSolutionNode = FALSE
	EndGlobalSection
	GlobalSection(ExtensibilityGlobals) = postSolution
		SolutionGuid = {FC65FA11-CBF6-4179-95CA-218A268B120B}
	EndGlobalSection
EndGlobal
